
Microsoft Visual Studio Solution File, Format Version 12.00
# Visual Studio Version 17
VisualStudioVersion = 17.3.32929.385
MinimumVisualStudioVersion = 10.0.40219.1
Project("{FAE04EC0-301F-11D3-BF4B-00C04F79EFBC}") = "KanyeWest", "JSONExercise\KanyeWest.csproj", "{9CF54AC2-F53D-437A-B1C4-68D71E8A925C}"
EndProject
Global
	GlobalSection(SolutionConfigurationPlatforms) = preSolution
		Debug|Any CPU = Debug|Any CPU
		Release|Any CPU = Release|Any CPU
	EndGlobalSection
	GlobalSection(ProjectConfigurationPlatforms) = postSolution
		{9CF54AC2-F53D-437A-B1C4-68D71E8A925C}.Debug|Any CPU.ActiveCfg = Debug|Any CPU
		{9CF54AC2-F53D-437A-B1C4-68D71E8A925C}.Debug|Any CPU.Build.0 = Debug|Any CPU
		{9CF54AC2-F53D-437A-B1C4-68D71E8A925C}.Release|Any CPU.ActiveCfg = Release|Any CPU
		{9CF54AC2-F53D-437A-B1C4-68D71E8A925C}.Release|Any CPU.Build.0 = Release|Any CPU
	EndGlobalSection
	GlobalSection(SolutionProperties) = preSolution
		HideSolutionNode = FALSE
	EndGlobalSection
	GlobalSection(ExtensibilityGlobals) = postSolution
		SolutionGuid = {0AD5F988-740D-4F6E-A6F2-4ABDB7D151AB}
	EndGlobalSection
EndGlobal
